
Microsoft Visual Studio Solution File, Format Version 12.00
# Visual Studio Version 16
VisualStudioVersion = 16.0.30717.126
MinimumVisualStudioVersion = 10.0.40219.1
Project("{FAE04EC0-301F-11D3-BF4B-00C04F79EFBC}") = "Correção de Preços", "Correção de Preços\Correção de Preços.csproj", "{4AD9D9C1-6CEE-4CBB-9AB8-3833768FC5C7}"
EndProject
Global
	GlobalSection(SolutionConfigurationPlatforms) = preSolution
		Debug|Any CPU = Debug|Any CPU
		Release|Any CPU = Release|Any CPU
	EndGlobalSection
	GlobalSection(ProjectConfigurationPlatforms) = postSolution
		{4AD9D9C1-6CEE-4CBB-9AB8-3833768FC5C7}.Debug|Any CPU.ActiveCfg = Debug|Any CPU
		{4AD9D9C1-6CEE-4CBB-9AB8-3833768FC5C7}.Debug|Any CPU.Build.0 = Debug|Any CPU
		{4AD9D9C1-6CEE-4CBB-9AB8-3833768FC5C7}.Release|Any CPU.ActiveCfg = Release|Any CPU
		{4AD9D9C1-6CEE-4CBB-9AB8-3833768FC5C7}.Release|Any CPU.Build.0 = Release|Any CPU
	EndGlobalSection
	GlobalSection(SolutionProperties) = preSolution
		HideSolutionNode = FALSE
	EndGlobalSection
	GlobalSection(ExtensibilityGlobals) = postSolution
		SolutionGuid = {A2D449EA-2BFC-4015-AE2E-6E9495C053BF}
	EndGlobalSection
EndGlobal
